github.com/fsnotify/fsnotify v1.4.7 h1:IXs+QLmnXW2CcXuY+8Mzv/fWEsPGWxqefPtCP5CnV9I=
github.com/fsnotify/fsnotify v1.4.7/go.mod h1:jwhsz4b93w/PPRr/qN1Yymfu8t87LnFCMoQvtojpjFo=
golang.org/x/sys v0.0.0-20191025090151-53bf42e6b339 h1:zSqWKgm/o7HAnlAzBQ+aetp9fpuyytsXnKA8eiLHYQM=
golang.org/x/sys v0.0.0-20191025090151-53bf42e6b339/go.mod h1:h1NjWce9XRLGQEsW7wpKNCjG9DtNlClVuFLEZdDNbEs=
