{
    "_meta": {
        "hash": {
            "sha256": "37f1db28853f4847709968abe523f5acf9cf7089df53276703f6e1268babcd96"
        },
        "pipfile-spec": 6,
        "requires": {},
        "sources": [
            {
                "name": "pypi",
                "url": "https://pypi.org/simple",
                "verify_ssl": true
            }
        ]
    },
    "default": {
        "click": {
            "hashes": [
                "sha256:d2b5255c7c6349bc1bd1e59e08cd12acbbd63ce649f2588755783aa94dfb6b1a",
                "sha256:dacca89f4bfadd5de3d7489b7c8a566eee0d3676333fbb50030263894c38c0dc"
            ],
            "markers": "python_version >= '2.7' and python_version not in '3.0, 3.1, 3.2, 3.3, 3.4'",
            "version": "==7.1.2"
        },
        "fastapi": {
            "hashes": [
                "sha256:39569a18914075b2f1aaa03bcb9dc96a38e0e5dabaf3972e088c9077dfffa379",
                "sha256:8359e55d8412a5571c0736013d90af235d6949ec4ce978e9b63500c8f4b6f714"
            ],
            "index": "pypi",
            "version": "==0.65.2"
        },
        "greenlet": {
            "hashes": [
                "sha256:03f28a5ea20201e70ab70518d151116ce939b412961c33827519ce620957d44c",
                "sha256:06d7ac89e6094a0a8f8dc46aa61898e9e1aec79b0f8b47b2400dd51a44dbc832",
                "sha256:06ecb43b04480e6bafc45cb1b4b67c785e183ce12c079473359e04a709333b08",
                "sha256:096cb0217d1505826ba3d723e8981096f2622cde1eb91af9ed89a17c10aa1f3e",
                "sha256:0c557c809eeee215b87e8a7cbfb2d783fb5598a78342c29ade561440abae7d22",
                "sha256:0de64d419b1cb1bfd4ea544bedea4b535ef3ae1e150b0f2609da14bbf48a4a5f",
                "sha256:14927b15c953f8f2d2a8dffa224aa78d7759ef95284d4c39e1745cf36e8cdd2c",
                "sha256:16183fa53bc1a037c38d75fdc59d6208181fa28024a12a7f64bb0884434c91ea",
                "sha256:206295d270f702bc27dbdbd7651e8ebe42d319139e0d90217b2074309a200da8",
                "sha256:22002259e5b7828b05600a762579fa2f8b33373ad95a0ee57b4d6109d0e589ad",
                "sha256:2325123ff3a8ecc10ca76f062445efef13b6cf5a23389e2df3c02a4a527b89bc",
                "sha256:258f9612aba0d06785143ee1cbf2d7361801c95489c0bd10c69d163ec5254a16",
                "sha256:3096286a6072553b5dbd5efbefc22297e9d06a05ac14ba017233fedaed7584a8",
                "sha256:3d13da093d44dee7535b91049e44dd2b5540c2a0e15df168404d3dd2626e0ec5",
                "sha256:408071b64e52192869129a205e5b463abda36eff0cebb19d6e63369440e4dc99",
                "sha256:598bcfd841e0b1d88e32e6a5ea48348a2c726461b05ff057c1b8692be9443c6e",
                "sha256:5d928e2e3c3906e0a29b43dc26d9b3d6e36921eee276786c4e7ad9ff5665c78a",
                "sha256:5f75e7f237428755d00e7460239a2482fa7e3970db56c8935bd60da3f0733e56",
                "sha256:60848099b76467ef09b62b0f4512e7e6f0a2c977357a036de602b653667f5f4c",
                "sha256:6b1d08f2e7f2048d77343279c4d4faa7aef168b3e36039cba1917fffb781a8ed",
                "sha256:70bd1bb271e9429e2793902dfd194b653221904a07cbf207c3139e2672d17959",
                "sha256:76ed710b4e953fc31c663b079d317c18f40235ba2e3d55f70ff80794f7b57922",
                "sha256:7920e3eccd26b7f4c661b746002f5ec5f0928076bd738d38d894bb359ce51927",
                "sha256:7db68f15486d412b8e2cfcd584bf3b3a000911d25779d081cbbae76d71bd1a7e",
                "sha256:8833e27949ea32d27f7e96930fa29404dd4f2feb13cce483daf52e8842ec246a",
                "sha256:944fbdd540712d5377a8795c840a97ff71e7f3221d3fddc98769a15a87b36131",
                "sha256:9a6b035aa2c5fcf3dbbf0e3a8a5bc75286fc2d4e6f9cfa738788b433ec894919",
                "sha256:9bdcff4b9051fb1aa4bba4fceff6a5f770c6be436408efd99b76fc827f2a9319",
                "sha256:a9017ff5fc2522e45562882ff481128631bf35da444775bc2776ac5c61d8bcae",
                "sha256:aa4230234d02e6f32f189fd40b59d5a968fe77e80f59c9c933384fe8ba535535",
                "sha256:ad80bb338cf9f8129c049837a42a43451fc7c8b57ad56f8e6d32e7697b115505",
                "sha256:adb94a28225005890d4cf73648b5131e885c7b4b17bc762779f061844aabcc11",
                "sha256:b3090631fecdf7e983d183d0fad7ea72cfb12fa9212461a9b708ff7907ffff47",
                "sha256:b33b51ab057f8a20b497ffafdb1e79256db0c03ef4f5e3d52e7497200e11f821",
                "sha256:b97c9a144bbeec7039cca44df117efcbeed7209543f5695201cacf05ba3b5857",
                "sha256:be13a18cec649ebaab835dff269e914679ef329204704869f2f167b2c163a9da",
                "sha256:be9768e56f92d1d7cd94185bab5856f3c5589a50d221c166cc2ad5eb134bd1dc",
                "sha256:c1580087ab493c6b43e66f2bdd165d9e3c1e86ef83f6c2c44a29f2869d2c5bd5",
                "sha256:c35872b2916ab5a240d52a94314c963476c989814ba9b519bc842e5b61b464bb",
                "sha256:c70c7dd733a4c56838d1f1781e769081a25fade879510c5b5f0df76956abfa05",
                "sha256:c767458511a59f6f597bfb0032a1c82a52c29ae228c2c0a6865cfeaeaac4c5f5",
                "sha256:c87df8ae3f01ffb4483c796fe1b15232ce2b219f0b18126948616224d3f658ee",
                "sha256:ca1c4a569232c063615f9e70ff9a1e2fee8c66a6fb5caf0f5e8b21a396deec3e",
                "sha256:cc407b68e0a874e7ece60f6639df46309376882152345508be94da608cc0b831",
                "sha256:da862b8f7de577bc421323714f63276acb2f759ab8c5e33335509f0b89e06b8f",
                "sha256:dfe7eac0d253915116ed0cd160a15a88981a1d194c1ef151e862a5c7d2f853d3",
                "sha256:ed1377feed808c9c1139bdb6a61bcbf030c236dd288d6fca71ac26906ab03ba6",
                "sha256:f42ad188466d946f1b3afc0a9e1a266ac8926461ee0786c06baac6bd71f8a6f3",
                "sha256:f92731609d6625e1cc26ff5757db4d32b6b810d2a3363b0ff94ff573e5901f6f"
            ],
            "markers": "python_version >= '3'",
            "version": "==1.1.0"
        },
        "h11": {
            "hashes": [
                "sha256:36a3cb8c0a032f56e2da7084577878a035d3b61d104230d4bd49c0c6b555a9c6",
                "sha256:47222cb6067e4a307d535814917cd98fd0a57b6788ce715755fa2b6c28b56042"
            ],
            "markers": "python_version >= '3.6'",
            "version": "==0.12.0"
        },
        "jsons": {
            "hashes": [
                "sha256:ec2eab9af23dce22c4b58cdccdb36c67eb9c47836e9653a642455a2137d313af"
            ],
            "index": "pypi",
            "version": "==1.4.2"
        },
        "pika": {
            "hashes": [
                "sha256:59da6701da1aeaf7e5e93bb521cc03129867f6e54b7dd352c4b3ecb2bd7ec624",
                "sha256:f023d6ac581086b124190cb3dc81dd581a149d216fa4540ac34f9be1e3970b89"
            ],
            "index": "pypi",
            "version": "==1.2.0"
        },
        "pydantic": {
            "hashes": [
                "sha256:021ea0e4133e8c824775a0cfe098677acf6fa5a3cbf9206a376eed3fc09302cd",
                "sha256:05ddfd37c1720c392f4e0d43c484217b7521558302e7069ce8d318438d297739",
                "sha256:05ef5246a7ffd2ce12a619cbb29f3307b7c4509307b1b49f456657b43529dc6f",
                "sha256:10e5622224245941efc193ad1d159887872776df7a8fd592ed746aa25d071840",
                "sha256:18b5ea242dd3e62dbf89b2b0ec9ba6c7b5abaf6af85b95a97b00279f65845a23",
                "sha256:234a6c19f1c14e25e362cb05c68afb7f183eb931dd3cd4605eafff055ebbf287",
                "sha256:244ad78eeb388a43b0c927e74d3af78008e944074b7d0f4f696ddd5b2af43c62",
                "sha256:26464e57ccaafe72b7ad156fdaa4e9b9ef051f69e175dbbb463283000c05ab7b",
                "sha256:41b542c0b3c42dc17da70554bc6f38cbc30d7066d2c2815a94499b5684582ecb",
                "sha256:4a03cbbe743e9c7247ceae6f0d8898f7a64bb65800a45cbdc52d65e370570820",
                "sha256:4be75bebf676a5f0f87937c6ddb061fa39cbea067240d98e298508c1bda6f3f3",
                "sha256:54cd5121383f4a461ff7644c7ca20c0419d58052db70d8791eacbbe31528916b",
                "sha256:589eb6cd6361e8ac341db97602eb7f354551482368a37f4fd086c0733548308e",
                "sha256:8621559dcf5afacf0069ed194278f35c255dc1a1385c28b32dd6c110fd6531b3",
                "sha256:8b223557f9510cf0bfd8b01316bf6dd281cf41826607eada99662f5e4963f316",
                "sha256:99a9fc39470010c45c161a1dc584997f1feb13f689ecf645f59bb4ba623e586b",
                "sha256:a7c6002203fe2c5a1b5cbb141bb85060cbff88c2d78eccbc72d97eb7022c43e4",
                "sha256:a83db7205f60c6a86f2c44a61791d993dff4b73135df1973ecd9eed5ea0bda20",
                "sha256:ac8eed4ca3bd3aadc58a13c2aa93cd8a884bcf21cb019f8cfecaae3b6ce3746e",
                "sha256:e710876437bc07bd414ff453ac8ec63d219e7690128d925c6e82889d674bb505",
                "sha256:ea5cb40a3b23b3265f6325727ddfc45141b08ed665458be8c6285e7b85bd73a1",
                "sha256:fec866a0b59f372b7e776f2d7308511784dace622e0992a0b59ea3ccee0ae833"
            ],
            "markers": "python_full_version >= '3.6.1'",
            "version": "==1.8.2"
        },
        "sqlalchemy": {
            "hashes": [
                "sha256:01b610951c83452ee5e7d912c4ed9db4538b15d66e96ca6696ec38f0c5ce2908",
                "sha256:0646a4caab207279532ffd3f173b4756ae3863f3a94e369b7d1b82831a7ad433",
                "sha256:0c839000817201310a51af390545d7b316fafd6969ef250dad0a6d28c025214d",
                "sha256:1bc9ea9e54bbaf65fece8b719f56472748f75777806f4f5fadd8112a165eab19",
                "sha256:1bdf65dc5263be4651aa34ebe07aa035c61421f145b0d43f4c0b1f3c33bec673",
                "sha256:1e8a884d766fcc918199576bf37f1870327582640fa3302489d7415d815be8a9",
                "sha256:2b35206c11c415448caf5b7abddbfac6acbe37f79832ae2d1be013f0dfe252ea",
                "sha256:4b749cdedf1afb613c3d31235258110e1f36231c15df9b8b63b3f13c712e4790",
                "sha256:4c8c335b072967da27fef54fb53e74fadadd7d2167c5eb98f0bfb4bfeb3a6948",
                "sha256:5ffbd23ac4324e64a100310cd2cab6534f972ecf26bf3652e6847187c2e9e72d",
                "sha256:691568d8238c756011d97a655a76820715cbc0295b7d294aa2f1d62fb0be4361",
                "sha256:6b77880e23d3758db7ad65732304ab1c3a42f0cd20505f4a211750862563a161",
                "sha256:89e755688476b7a925554a1e8a756e0dd6124dfb8fac80470a90cd8424326bee",
                "sha256:8c71a80a5474e6e9c9bbf1957ab1c73cdece9d33cfb26d9ea6e7aed41f535cd6",
                "sha256:968e8cf7f269eaeed1b753cb5df4112be998c933df39421229fc7726c413672c",
                "sha256:a21f41c4cdb76d7f68a6986b9f5c56bdc8eafbc366893d1031df0c367e832388",
                "sha256:a4c9c947fc08d2ac48116c64b7dfbac22b9896619cb74923ba59876504ff6256",
                "sha256:ac4a48e49e863a4d00d8a5ec94ff5540de1f5bcf96d8d54273a75c3278d8b4af",
                "sha256:ac7db7276c0807db73b58984d630404ab294c4ca59cf16157fdc15894dec4507",
                "sha256:aeb389136f3a39399ebb8e8ee17beba18d361cde9638059cfbf7e896354412b7",
                "sha256:aec20f0ec5788bee91ecf667e9e30e5ed0add9233b63b0e34e916b21eb5bc850",
                "sha256:b1d513ebb16a204c87296d774c2317950191583b34032540948f20096b63efe4",
                "sha256:b4bf83b05056349265b40de37c836517649ea9edd174301072f5a58c7b374f94",
                "sha256:b58f09f4ea42a92e0a8923f4598001f8935bd2ed0c4c6abb9903c5b4cd0d4015",
                "sha256:b7ed6ce2e32a68a3b417a848a409ed5b7e4c8e5fa8911b06c77a6be1cc767658",
                "sha256:c9047989b8645d8830067dddb2bda544c625419b22b0f546660fd0bfe73341f6",
                "sha256:c94fe5ec27dec6a994293d1f194a97fcb904252526bbe72698229ec62c0f7281",
                "sha256:ce5fc1099d194fbecc8d7c038c927d9daf75cbb83b3b314df3e43e308d67c33e",
                "sha256:d5da8fff36593ac96dd3d60a4eb9495a142fb6d3f0ed23baf5567c0ef7aa9b47",
                "sha256:deef50c730ddfb4169417a3a3b6393f1e90b0d5c1e62e1d090c1eb1132529f3f",
                "sha256:e11ccaa08975e414df6a16466377bb11af692b2a62255c3a70c0993cb2d7f2d7",
                "sha256:e815a729b427bd997d681711dc0b22330e445a0a0c47e16b05d2038e814bd29f",
                "sha256:f04acd3840bcf33f941b049e24aeef0be5145b2cd5489a89559c11be2d25e262",
                "sha256:f90a42db44427bf98128d823502e0af3f4b83f208e09a3d51df5c2cd7f2a76cf"
            ],
            "index": "pypi",
            "version": "==1.4.12"
        },
        "starlette": {
            "hashes": [
                "sha256:3c8e48e52736b3161e34c9f0e8153b4f32ec5d8995a3ee1d59410d92f75162ed",
                "sha256:7d49f4a27f8742262ef1470608c59ddbc66baf37c148e938c7038e6bc7a998aa"
            ],
            "markers": "python_version >= '3.6'",
            "version": "==0.14.2"
        },
        "typing-extensions": {
            "hashes": [
                "sha256:0ac0f89795dd19de6b97debb0c6af1c70987fd80a2d62d1958f7e56fcc31b497",
                "sha256:50b6f157849174217d0656f99dc82fe932884fb250826c18350e159ec6cdf342",
                "sha256:779383f6086d90c99ae41cf0ff39aac8a7937a9283ce0a414e5dd782f4c94a84"
            ],
            "version": "==3.10.0.0"
        },
        "typish": {
            "hashes": [
                "sha256:36f940e39d0f4d2bd4c524d167936024308bc52ef22ec718ce5c4e38a3ba5a95"
            ],
            "version": "==1.9.2"
        },
        "uuid": {
            "hashes": [
                "sha256:1f87cc004ac5120466f36c5beae48b4c48cc411968eed0eaecd3da82aa96193f"
            ],
            "index": "pypi",
            "version": "==1.30"
        },
        "uvicorn": {
            "hashes": [
                "sha256:3292251b3c7978e8e4a7868f4baf7f7f7bb7e40c759ecc125c37e99cdea34202",
                "sha256:7587f7b08bd1efd2b9bad809a3d333e972f1d11af8a5e52a9371ee3a5de71524"
            ],
            "index": "pypi",
            "version": "==0.13.4"
        }
    },
    "develop": {
        "attrs": {
            "hashes": [
                "sha256:149e90d6d8ac20db7a955ad60cf0e6881a3f20d37096140088356da6c716b0b1",
                "sha256:ef6aaac3ca6cd92904cdd0d83f629a15f18053ec84e6432106f7a4d04ae4f5fb"
            ],
            "markers": "python_version >= '2.7' and python_version not in '3.0, 3.1, 3.2, 3.3, 3.4'",
            "version": "==21.2.0"
        },
        "autopep8": {
            "hashes": [
                "sha256:276ced7e9e3cb22e5d7c14748384a5cf5d9002257c0ed50c0e075b68011bb6d0",
                "sha256:aa213493c30dcdac99537249ee65b24af0b2c29f2e83cd8b3f68760441ed0db9"
            ],
            "index": "pypi",
            "version": "==1.5.7"
        },
        "iniconfig": {
            "hashes": [
                "sha256:011e24c64b7f47f6ebd835bb12a743f2fbe9a26d4cecaa7f53bc4f35ee9da8b3",
                "sha256:bc3af051d7d14b2ee5ef9969666def0cd1a000e121eaea580d4a313df4b37f32"
            ],
            "version": "==1.1.1"
        },
        "packaging": {
            "hashes": [
                "sha256:5b327ac1320dc863dca72f4514ecc086f31186744b84a230374cc1fd776feae5",
                "sha256:67714da7f7bc052e064859c05c595155bd1ee9f69f76557e21f051443c20947a"
            ],
            "markers": "python_version >= '2.7' and python_version not in '3.0, 3.1, 3.2, 3.3'",
            "version": "==20.9"
        },
        "pluggy": {
            "hashes": [
                "sha256:15b2acde666561e1298d71b523007ed7364de07029219b604cf808bfa1c765b0",
                "sha256:966c145cd83c96502c3c3868f50408687b38434af77734af1e9ca461a4081d2d"
            ],
            "markers": "python_version >= '2.7' and python_version not in '3.0, 3.1, 3.2, 3.3'",
            "version": "==0.13.1"
        },
        "py": {
            "hashes": [
                "sha256:21b81bda15b66ef5e1a777a21c4dcd9c20ad3efd0b3f817e7a809035269e1bd3",
                "sha256:3b80836aa6d1feeaa108e046da6423ab8f6ceda6468545ae8d02d9d58d18818a"
            ],
            "markers": "python_version >= '2.7' and python_version not in '3.0, 3.1, 3.2, 3.3'",
            "version": "==1.10.0"
        },
        "pycodestyle": {
            "hashes": [
                "sha256:514f76d918fcc0b55c6680472f0a37970994e07bbb80725808c17089be302068",
                "sha256:c389c1d06bf7904078ca03399a4816f974a1d590090fecea0c63ec26ebaf1cef"
            ],
            "markers": "python_version >= '2.7' and python_version not in '3.0, 3.1, 3.2, 3.3'",
            "version": "==2.7.0"
        },
        "pyparsing": {
            "hashes": [
                "sha256:c203ec8783bf771a155b207279b9bccb8dea02d8f0c9e5f8ead507bc3246ecc1",
                "sha256:ef9d7589ef3c200abe66653d3f1ab1033c3c419ae9b9bdb1240a85b024efc88b"
            ],
            "markers": "python_version >= '2.6' and python_version not in '3.0, 3.1, 3.2, 3.3'",
            "version": "==2.4.7"
        },
        "pytest": {
            "hashes": [
                "sha256:671238a46e4df0f3498d1c3270e5deb9b32d25134c99b7d75370a68cfbe9b634",
                "sha256:6ad9c7bdf517a808242b998ac20063c41532a570d088d77eec1ee12b0b5574bc"
            ],
            "index": "pypi",
            "version": "==6.2.3"
        },
        "toml": {
            "hashes": [
                "sha256:806143ae5bfb6a3c6e736a764057db0e6a0e05e338b5630894a5f779cabb4f9b",
                "sha256:b3bda1d108d5dd99f4a20d24d9c348e91c4db7ab1b749200bded2f839ccbe68f"
            ],
            "markers": "python_version >= '2.6' and python_version not in '3.0, 3.1, 3.2, 3.3'",
            "version": "==0.10.2"
        }
    }
}
